
Microsoft Visual Studio Solution File, Format Version 12.00
# Visual Studio Version 17
VisualStudioVersion = 17.2.32630.192
MinimumVisualStudioVersion = 10.0.40219.1
Project("{9A19103F-16F7-4668-BE54-9A1E7A4F7556}") = "TweetCommander", "TweetCommander\TweetCommander.csproj", "{D446BCFF-75E8-4D75-9241-5E3FEA6CD215}"
EndProject
Global
	GlobalSection(SolutionConfigurationPlatforms) = preSolution
		Debug|Any CPU = Debug|Any CPU
		Release|Any CPU = Release|Any CPU
	EndGlobalSection
	GlobalSection(ProjectConfigurationPlatforms) = postSolution
		{D446BCFF-75E8-4D75-9241-5E3FEA6CD215}.Debug|Any CPU.ActiveCfg = Debug|Any CPU
		{D446BCFF-75E8-4D75-9241-5E3FEA6CD215}.Debug|Any CPU.Build.0 = Debug|Any CPU
		{D446BCFF-75E8-4D75-9241-5E3FEA6CD215}.Release|Any CPU.ActiveCfg = Release|Any CPU
		{D446BCFF-75E8-4D75-9241-5E3FEA6CD215}.Release|Any CPU.Build.0 = Release|Any CPU
	EndGlobalSection
	GlobalSection(SolutionProperties) = preSolution
		HideSolutionNode = FALSE
	EndGlobalSection
	GlobalSection(ExtensibilityGlobals) = postSolution
		SolutionGuid = {72FE6727-469E-44FE-8318-DFE37B4259F8}
	EndGlobalSection
EndGlobal
